# generated by rye
# use `rye lock` or `rye sync` to update this lockfile
#
# last locked with the following flags:
#   pre: false
#   features: []
#   all-features: false
#   with-sources: false
#   generate-hashes: false
#   universal: false

-e file:.
mouseinfo==0.1.3
    # via pyautogui
psutil==6.0.0
    # via reldplayer
pyautogui==0.9.54
    # via reldplayer
pygetwindow==0.0.9
    # via pyautogui
    # via reldplayer
pyldplayer==3.0.4
    # via reldplayer
pymsgbox==1.0.9
    # via pyautogui
pyperclip==1.9.0
    # via mouseinfo
pyrect==0.2.0
    # via pygetwindow
pyscreeze==1.0.1
    # via pyautogui
pytweening==1.2.0
    # via pyautogui
pywin32==306
    # via reldplayer
screeninfo==0.8.1
    # via reldplayer
