# generated by rye
# use `rye lock` or `rye sync` to update this lockfile
#
# last locked with the following flags:
#   pre: false
#   features: []
#   all-features: false
#   with-sources: false
#   generate-hashes: false
#   universal: false

-e file:.
click==8.1.7
    # via reldplayer
colorama==0.4.6
    # via click
    # via pytest
iniconfig==2.0.0
    # via pytest
mouseinfo==0.1.3
    # via pyautogui
packaging==24.2
    # via pytest
pluggy==1.5.0
    # via pytest
psutil==6.1.0
pyautogui==0.9.54
pygetwindow==0.0.9
    # via pyautogui
    # via reldplayer
pyldplayer==4.0.2
    # via reldplayer
pymsgbox==1.0.9
    # via pyautogui
pyperclip==1.9.0
    # via mouseinfo
pyrect==0.2.0
    # via pygetwindow
pyscreeze==1.0.1
    # via pyautogui
pytest==8.3.3
pytweening==1.2.0
    # via pyautogui
screeninfo==0.8.1
