# generated by rye
# use `rye lock` or `rye sync` to update this lockfile
#
# last locked with the following flags:
#   pre: false
#   features: []
#   all-features: false
#   with-sources: false
#   generate-hashes: false
#   universal: false

-e file:.
click==8.1.7
    # via reldplayer
colorama==0.4.6
    # via click
pygetwindow==0.0.9
    # via reldplayer
pyldplayer==4.0.2
    # via reldplayer
pyrect==0.2.0
    # via pygetwindow
